
Microsoft Visual Studio Solution File, Format Version 12.00
# Visual Studio Version 16
VisualStudioVersion = 16.0.30611.23
MinimumVisualStudioVersion = 10.0.40219.1
Project("{FAE04EC0-301F-11D3-BF4B-00C04F79EFBC}") = "task_0001", "task_0001\task_0001.csproj", "{2737A357-83AB-4187-AF5D-2B70819F97C3}"
EndProject
Project("{FAE04EC0-301F-11D3-BF4B-00C04F79EFBC}") = "task_0002", "task_0002\task_0002.csproj", "{F95D1343-F9F3-4296-8AB9-086AA3CB219B}"
EndProject
Project("{FAE04EC0-301F-11D3-BF4B-00C04F79EFBC}") = "task_0003", "task_0003\task_0003.csproj", "{24AB0439-9851-4CEC-B8EF-0056B3AA7A4F}"
EndProject
Project("{FAE04EC0-301F-11D3-BF4B-00C04F79EFBC}") = "task_0004", "task_0004\task_0004.csproj", "{D4D3F1AE-A40D-4D6A-B231-5AEE7141B4FD}"
EndProject
Project("{FAE04EC0-301F-11D3-BF4B-00C04F79EFBC}") = "task_0005", "task_0005\task_0005.csproj", "{84FD8BDF-5988-4F55-AB8D-81B9A0D5D4C8}"
EndProject
Project("{FAE04EC0-301F-11D3-BF4B-00C04F79EFBC}") = "task_0006", "task_0006\task_0006.csproj", "{C73C25AF-D429-4D65-A89F-836D0573738E}"
EndProject
Project("{FAE04EC0-301F-11D3-BF4B-00C04F79EFBC}") = "task_0007", "task_0007\task_0007.csproj", "{5103FAE5-E421-45D8-ADA3-A022E701AD4B}"
EndProject
Project("{FAE04EC0-301F-11D3-BF4B-00C04F79EFBC}") = "task_0008", "task_0008\task_0008.csproj", "{093DDADC-323F-4403-93B7-60B22D32AD56}"
EndProject
Project("{FAE04EC0-301F-11D3-BF4B-00C04F79EFBC}") = "task_0009", "task_0009\task_0009.csproj", "{DACAD715-527D-4DC0-BFC9-D4119A4B1FDE}"
EndProject
Project("{FAE04EC0-301F-11D3-BF4B-00C04F79EFBC}") = "task_0010", "task_0010\task_0010.csproj", "{CA3C3908-BA4D-45F6-BE40-C4B94072A488}"
EndProject
Project("{FAE04EC0-301F-11D3-BF4B-00C04F79EFBC}") = "task_0011", "task_0011\task_0011.csproj", "{94E4D483-DAD6-4B29-855F-5F2C682C692C}"
EndProject
Global
	GlobalSection(SolutionConfigurationPlatforms) = preSolution
		Debug|Any CPU = Debug|Any CPU
		Release|Any CPU = Release|Any CPU
	EndGlobalSection
	GlobalSection(ProjectConfigurationPlatforms) = postSolution
		{2737A357-83AB-4187-AF5D-2B70819F97C3}.Debug|Any CPU.ActiveCfg = Debug|Any CPU
		{2737A357-83AB-4187-AF5D-2B70819F97C3}.Debug|Any CPU.Build.0 = Debug|Any CPU
		{2737A357-83AB-4187-AF5D-2B70819F97C3}.Release|Any CPU.ActiveCfg = Release|Any CPU
		{2737A357-83AB-4187-AF5D-2B70819F97C3}.Release|Any CPU.Build.0 = Release|Any CPU
		{F95D1343-F9F3-4296-8AB9-086AA3CB219B}.Debug|Any CPU.ActiveCfg = Debug|Any CPU
		{F95D1343-F9F3-4296-8AB9-086AA3CB219B}.Debug|Any CPU.Build.0 = Debug|Any CPU
		{F95D1343-F9F3-4296-8AB9-086AA3CB219B}.Release|Any CPU.ActiveCfg = Release|Any CPU
		{F95D1343-F9F3-4296-8AB9-086AA3CB219B}.Release|Any CPU.Build.0 = Release|Any CPU
		{24AB0439-9851-4CEC-B8EF-0056B3AA7A4F}.Debug|Any CPU.ActiveCfg = Debug|Any CPU
		{24AB0439-9851-4CEC-B8EF-0056B3AA7A4F}.Debug|Any CPU.Build.0 = Debug|Any CPU
		{24AB0439-9851-4CEC-B8EF-0056B3AA7A4F}.Release|Any CPU.ActiveCfg = Release|Any CPU
		{24AB0439-9851-4CEC-B8EF-0056B3AA7A4F}.Release|Any CPU.Build.0 = Release|Any CPU
		{D4D3F1AE-A40D-4D6A-B231-5AEE7141B4FD}.Debug|Any CPU.ActiveCfg = Debug|Any CPU
		{D4D3F1AE-A40D-4D6A-B231-5AEE7141B4FD}.Debug|Any CPU.Build.0 = Debug|Any CPU
		{D4D3F1AE-A40D-4D6A-B231-5AEE7141B4FD}.Release|Any CPU.ActiveCfg = Release|Any CPU
		{D4D3F1AE-A40D-4D6A-B231-5AEE7141B4FD}.Release|Any CPU.Build.0 = Release|Any CPU
		{84FD8BDF-5988-4F55-AB8D-81B9A0D5D4C8}.Debug|Any CPU.ActiveCfg = Debug|Any CPU
		{84FD8BDF-5988-4F55-AB8D-81B9A0D5D4C8}.Debug|Any CPU.Build.0 = Debug|Any CPU
		{84FD8BDF-5988-4F55-AB8D-81B9A0D5D4C8}.Release|Any CPU.ActiveCfg = Release|Any CPU
		{84FD8BDF-5988-4F55-AB8D-81B9A0D5D4C8}.Release|Any CPU.Build.0 = Release|Any CPU
		{C73C25AF-D429-4D65-A89F-836D0573738E}.Debug|Any CPU.ActiveCfg = Debug|Any CPU
		{C73C25AF-D429-4D65-A89F-836D0573738E}.Debug|Any CPU.Build.0 = Debug|Any CPU
		{C73C25AF-D429-4D65-A89F-836D0573738E}.Release|Any CPU.ActiveCfg = Release|Any CPU
		{C73C25AF-D429-4D65-A89F-836D0573738E}.Release|Any CPU.Build.0 = Release|Any CPU
		{5103FAE5-E421-45D8-ADA3-A022E701AD4B}.Debug|Any CPU.ActiveCfg = Debug|Any CPU
		{5103FAE5-E421-45D8-ADA3-A022E701AD4B}.Debug|Any CPU.Build.0 = Debug|Any CPU
		{5103FAE5-E421-45D8-ADA3-A022E701AD4B}.Release|Any CPU.ActiveCfg = Release|Any CPU
		{5103FAE5-E421-45D8-ADA3-A022E701AD4B}.Release|Any CPU.Build.0 = Release|Any CPU
		{093DDADC-323F-4403-93B7-60B22D32AD56}.Debug|Any CPU.ActiveCfg = Debug|Any CPU
		{093DDADC-323F-4403-93B7-60B22D32AD56}.Debug|Any CPU.Build.0 = Debug|Any CPU
		{093DDADC-323F-4403-93B7-60B22D32AD56}.Release|Any CPU.ActiveCfg = Release|Any CPU
		{093DDADC-323F-4403-93B7-60B22D32AD56}.Release|Any CPU.Build.0 = Release|Any CPU
		{DACAD715-527D-4DC0-BFC9-D4119A4B1FDE}.Debug|Any CPU.ActiveCfg = Debug|Any CPU
		{DACAD715-527D-4DC0-BFC9-D4119A4B1FDE}.Debug|Any CPU.Build.0 = Debug|Any CPU
		{DACAD715-527D-4DC0-BFC9-D4119A4B1FDE}.Release|Any CPU.ActiveCfg = Release|Any CPU
		{DACAD715-527D-4DC0-BFC9-D4119A4B1FDE}.Release|Any CPU.Build.0 = Release|Any CPU
		{CA3C3908-BA4D-45F6-BE40-C4B94072A488}.Debug|Any CPU.ActiveCfg = Debug|Any CPU
		{CA3C3908-BA4D-45F6-BE40-C4B94072A488}.Debug|Any CPU.Build.0 = Debug|Any CPU
		{CA3C3908-BA4D-45F6-BE40-C4B94072A488}.Release|Any CPU.ActiveCfg = Release|Any CPU
		{CA3C3908-BA4D-45F6-BE40-C4B94072A488}.Release|Any CPU.Build.0 = Release|Any CPU
		{94E4D483-DAD6-4B29-855F-5F2C682C692C}.Debug|Any CPU.ActiveCfg = Debug|Any CPU
		{94E4D483-DAD6-4B29-855F-5F2C682C692C}.Debug|Any CPU.Build.0 = Debug|Any CPU
		{94E4D483-DAD6-4B29-855F-5F2C682C692C}.Release|Any CPU.ActiveCfg = Release|Any CPU
		{94E4D483-DAD6-4B29-855F-5F2C682C692C}.Release|Any CPU.Build.0 = Release|Any CPU
	EndGlobalSection
	GlobalSection(SolutionProperties) = preSolution
		HideSolutionNode = FALSE
	EndGlobalSection
	GlobalSection(ExtensibilityGlobals) = postSolution
		SolutionGuid = {10A02692-18C4-4FC1-A8AB-3948B82622CA}
	EndGlobalSection
EndGlobal
